
Microsoft Visual Studio Solution File, Format Version 12.00
# Visual Studio Version 17
VisualStudioVersion = 17.13.35825.156 d17.13
MinimumVisualStudioVersion = 10.0.40219.1
Project("{FAE04EC0-301F-11D3-BF4B-00C04F79EFBC}") = "BankAccount", "BankAccount.csproj", "{35A914D9-F180-4EC6-A3A8-B1350E7D3C5C}"
EndProject
Global
	GlobalSection(SolutionConfigurationPlatforms) = preSolution
		Debug|Any CPU = Debug|Any CPU
		Release|Any CPU = Release|Any CPU
	EndGlobalSection
	GlobalSection(ProjectConfigurationPlatforms) = postSolution
		{35A914D9-F180-4EC6-A3A8-B1350E7D3C5C}.Debug|Any CPU.ActiveCfg = Debug|Any CPU
		{35A914D9-F180-4EC6-A3A8-B1350E7D3C5C}.Debug|Any CPU.Build.0 = Debug|Any CPU
		{35A914D9-F180-4EC6-A3A8-B1350E7D3C5C}.Release|Any CPU.ActiveCfg = Release|Any CPU
		{35A914D9-F180-4EC6-A3A8-B1350E7D3C5C}.Release|Any CPU.Build.0 = Release|Any CPU
	EndGlobalSection
	GlobalSection(SolutionProperties) = preSolution
		HideSolutionNode = FALSE
	EndGlobalSection
	GlobalSection(ExtensibilityGlobals) = postSolution
		SolutionGuid = {D894E2CD-D3A0-45F5-9568-9680C64184D7}
	EndGlobalSection
EndGlobal
